<?xml version="1.0" encoding="utf-8"?>
<Project ToolsVersion="4.0" xmlns="http://schemas.microsoft.com/developer/msbuild/2003">
  <ItemGroup>
    <Filter Include="Source Files">
      <UniqueIdentifier>{4FC737F1-C7A5-4376-A066-2A32D752A2FF}</UniqueIdentifier>
      <Extensions>cpp;c;cc;cxx;c++;cppm;ixx;def;odl;idl;hpj;bat;asm;asmx</Extensions>
    </Filter>
    <Filter Include="Header Files">
      <UniqueIdentifier>{93995380-89BD-4b04-88EB-625FBE52EBFB}</UniqueIdentifier>
      <Extensions>h;hh;hpp;hxx;h++;hm;inl;inc;ipp;xsd</Extensions>
    </Filter>
    <Filter Include="Resource Files">
      <UniqueIdentifier>{67DA6AB6-F800-4c08-8B7A-83BB121AAD01}</UniqueIdentifier>
      <Extensions>rc;ico;cur;bmp;dlg;rc2;rct;bin;rgs;gif;jpg;jpeg;jpe;resx;tiff;tif;png;wav;mfcribbon-ms</Extensions>
    </Filter>
  </ItemGroup>
  <ItemGroup>
    <ClCompile Include="NifPatcher2.cpp">
      <Filter>Source Files</Filter>
    </ClCompile>
    <ClCompile Include="nifly\src\Animation.cpp">
      <Filter>Header Files</Filter>
    </ClCompile>
    <ClCompile Include="nifly\src\BasicTypes.cpp">
      <Filter>Header Files</Filter>
    </ClCompile>
    <ClCompile Include="nifly\src\bhk.cpp">
      <Filter>Header Files</Filter>
    </ClCompile>
    <ClCompile Include="nifly\src\ExtraData.cpp">
      <Filter>Header Files</Filter>
    </ClCompile>
    <ClCompile Include="nifly\src\Factory.cpp">
      <Filter>Header Files</Filter>
    </ClCompile>
    <ClCompile Include="nifly\src\Geometry.cpp">
      <Filter>Header Files</Filter>
    </ClCompile>
    <ClCompile Include="nifly\src\NifFile.cpp">
      <Filter>Header Files</Filter>
    </ClCompile>
    <ClCompile Include="nifly\src\Nodes.cpp">
      <Filter>Header Files</Filter>
    </ClCompile>
    <ClCompile Include="nifly\src\Object3d.cpp">
      <Filter>Header Files</Filter>
    </ClCompile>
    <ClCompile Include="nifly\src\Objects.cpp">
      <Filter>Header Files</Filter>
    </ClCompile>
    <ClCompile Include="nifly\src\Particles.cpp">
      <Filter>Header Files</Filter>
    </ClCompile>
    <ClCompile Include="nifly\src\Shaders.cpp">
      <Filter>Header Files</Filter>
    </ClCompile>
    <ClCompile Include="nifly\src\Skin.cpp">
      <Filter>Header Files</Filter>
    </ClCompile>
  </ItemGroup>
  <ItemGroup>
    <ClInclude Include="nifly\src\Animation.hpp">
      <Filter>Header Files</Filter>
    </ClInclude>
    <ClInclude Include="nifly\src\BasicTypes.hpp">
      <Filter>Header Files</Filter>
    </ClInclude>
    <ClInclude Include="nifly\src\bhk.hpp">
      <Filter>Header Files</Filter>
    </ClInclude>
    <ClInclude Include="nifly\src\ExtraData.hpp">
      <Filter>Header Files</Filter>
    </ClInclude>
    <ClInclude Include="nifly\src\Factory.hpp">
      <Filter>Header Files</Filter>
    </ClInclude>
    <ClInclude Include="nifly\src\Geometry.hpp">
      <Filter>Header Files</Filter>
    </ClInclude>
    <ClInclude Include="nifly\src\half.hpp">
      <Filter>Header Files</Filter>
    </ClInclude>
    <ClInclude Include="nifly\src\KDMatcher.hpp">
      <Filter>Header Files</Filter>
    </ClInclude>
    <ClInclude Include="nifly\src\Keys.hpp">
      <Filter>Header Files</Filter>
    </ClInclude>
    <ClInclude Include="nifly\src\NifFile.hpp">
      <Filter>Header Files</Filter>
    </ClInclude>
    <ClInclude Include="nifly\src\NifUtil.hpp">
      <Filter>Header Files</Filter>
    </ClInclude>
    <ClInclude Include="nifly\src\Nodes.hpp">
      <Filter>Header Files</Filter>
    </ClInclude>
    <ClInclude Include="nifly\src\Object3d.hpp">
      <Filter>Header Files</Filter>
    </ClInclude>
    <ClInclude Include="nifly\src\Objects.hpp">
      <Filter>Header Files</Filter>
    </ClInclude>
    <ClInclude Include="nifly\src\Particles.hpp">
      <Filter>Header Files</Filter>
    </ClInclude>
    <ClInclude Include="nifly\src\Shaders.hpp">
      <Filter>Header Files</Filter>
    </ClInclude>
    <ClInclude Include="nifly\src\Skin.hpp">
      <Filter>Header Files</Filter>
    </ClInclude>
    <ClInclude Include="nifly\src\VertexData.hpp">
      <Filter>Header Files</Filter>
    </ClInclude>
    <ClInclude Include="json.hpp">
      <Filter>Header Files</Filter>
    </ClInclude>
  </ItemGroup>
  <ItemGroup>
    <Text Include="nifly\src\CMakeLists.txt">
      <Filter>Header Files</Filter>
    </Text>
  </ItemGroup>
</Project>